
Microsoft Visual Studio Solution File, Format Version 12.00
# Visual Studio 2010
Project("{FAE04EC0-301F-11D3-BF4B-00C04F79EFBC}") = "CDCP_2010", "CDCP_2010\CDCP_2010.csproj", "{80B5264B-8827-4EB4-9760-DB63BB67DE44}"
EndProject
Project("{2150E333-8FDC-42A3-9474-1A3956D46DE8}") = ".nuget", ".nuget", "{3042717D-2B57-423E-BA94-8924387C14AC}"
	ProjectSection(SolutionItems) = preProject
		.nuget\NuGet.Config = .nuget\NuGet.Config
	EndProjectSection
EndProject
Global
	GlobalSection(TeamFoundationVersionControl) = preSolution
		SccNumberOfProjects = 2
		SccEnterpriseProvider = {4CA58AB2-18FA-4F8D-95D4-32DDF27D184C}
		SccTeamFoundationServer = https://tfs.codeplex.com/tfs/tfs02
		SccProjectUniqueName0 = CDCP_2010\\CDCP_2010.csproj
		SccProjectName0 = CDCP_2010
		SccLocalPath0 = CDCP_2010
		SccLocalPath1 = .
	EndGlobalSection
	GlobalSection(SolutionConfigurationPlatforms) = preSolution
		Debug|Any CPU = Debug|Any CPU
		Release|Any CPU = Release|Any CPU
	EndGlobalSection
	GlobalSection(ProjectConfigurationPlatforms) = postSolution
		{80B5264B-8827-4EB4-9760-DB63BB67DE44}.Debug|Any CPU.ActiveCfg = Debug|Any CPU
		{80B5264B-8827-4EB4-9760-DB63BB67DE44}.Debug|Any CPU.Build.0 = Debug|Any CPU
		{80B5264B-8827-4EB4-9760-DB63BB67DE44}.Release|Any CPU.ActiveCfg = Release|Any CPU
		{80B5264B-8827-4EB4-9760-DB63BB67DE44}.Release|Any CPU.Build.0 = Release|Any CPU
	EndGlobalSection
	GlobalSection(SolutionProperties) = preSolution
		HideSolutionNode = FALSE
	EndGlobalSection
	GlobalSection(ExtensibilityGlobals) = postSolution
		dtLauncher_EnableVSTestHost = 0
	EndGlobalSection
EndGlobal
